
Microsoft Visual Studio Solution File, Format Version 12.00
# Visual Studio Version 17
VisualStudioVersion = 17.4.33122.133
MinimumVisualStudioVersion = 10.0.40219.1
Project("{FAE04EC0-301F-11D3-BF4B-00C04F79EFBC}") = "WpfApp1", "WpfApp1\WpfApp1.csproj", "{171E91DF-0FE1-423A-8186-4FE79C5AA59E}"
EndProject
Global
	GlobalSection(SolutionConfigurationPlatforms) = preSolution
		Debug|Any CPU = Debug|Any CPU
		Release|Any CPU = Release|Any CPU
	EndGlobalSection
	GlobalSection(ProjectConfigurationPlatforms) = postSolution
		{171E91DF-0FE1-423A-8186-4FE79C5AA59E}.Debug|Any CPU.ActiveCfg = Debug|Any CPU
		{171E91DF-0FE1-423A-8186-4FE79C5AA59E}.Debug|Any CPU.Build.0 = Debug|Any CPU
		{171E91DF-0FE1-423A-8186-4FE79C5AA59E}.Release|Any CPU.ActiveCfg = Release|Any CPU
		{171E91DF-0FE1-423A-8186-4FE79C5AA59E}.Release|Any CPU.Build.0 = Release|Any CPU
	EndGlobalSection
	GlobalSection(SolutionProperties) = preSolution
		HideSolutionNode = FALSE
	EndGlobalSection
	GlobalSection(ExtensibilityGlobals) = postSolution
		SolutionGuid = {A9BA2C73-E667-48A4-B060-BBF3C3CA6DC1}
	EndGlobalSection
EndGlobal
